
Microsoft Visual Studio Solution File, Format Version 12.00
Project("{FAE04EC0-301F-11D3-BF4B-00C04F79EFBC}") = "Blackjack", "Blackjack\Blackjack.csproj", "{43088D50-87F2-4570-81FA-93E2D8439B40}"
EndProject
Global
	GlobalSection(SolutionConfigurationPlatforms) = preSolution
		Debug|Any CPU = Debug|Any CPU
		Release|Any CPU = Release|Any CPU
	EndGlobalSection
	GlobalSection(ProjectConfigurationPlatforms) = postSolution
		{43088D50-87F2-4570-81FA-93E2D8439B40}.Debug|Any CPU.ActiveCfg = Debug|Any CPU
		{43088D50-87F2-4570-81FA-93E2D8439B40}.Debug|Any CPU.Build.0 = Debug|Any CPU
		{43088D50-87F2-4570-81FA-93E2D8439B40}.Release|Any CPU.ActiveCfg = Release|Any CPU
		{43088D50-87F2-4570-81FA-93E2D8439B40}.Release|Any CPU.Build.0 = Release|Any CPU
	EndGlobalSection
EndGlobal
